// !$*UTF8*$!
{
	archiveVersion = 1;
	classes = {
	};
	objectVersion = 50;
	objects = {

/* Begin PBXBuildFile section */
		971ED5EA26C81E4700ADA9BD /* LeaderboardView.swift in Sources */ = {isa = PBXBuildFile; fileRef = 971ED5E926C81E4700ADA9BD /* LeaderboardView.swift */; };
		9751603026C19B4600FE168C /* BullseyeApp.swift in Sources */ = {isa = PBXBuildFile; fileRef = 9751602F26C19B4600FE168C /* BullseyeApp.swift */; };
		9751603226C19B4600FE168C /* ContentView.swift in Sources */ = {isa = PBXBuildFile; fileRef = 9751603126C19B4600FE168C /* ContentView.swift */; };
		9751603426C19B4800FE168C /* Assets.xcassets in Resources */ = {isa = PBXBuildFile; fileRef = 9751603326C19B4800FE168C /* Assets.xcassets */; };
		9751603726C19B4800FE168C /* Preview Assets.xcassets in Resources */ = {isa = PBXBuildFile; fileRef = 9751603626C19B4800FE168C /* Preview Assets.xcassets */; };
		9751604226C2379800FE168C /* Game.swift in Sources */ = {isa = PBXBuildFile; fileRef = 9751604126C2379800FE168C /* Game.swift */; };
		9751604A26C23F6D00FE168C /* BullseyeTests.swift in Sources */ = {isa = PBXBuildFile; fileRef = 9751604926C23F6D00FE168C /* BullseyeTests.swift */; };
		9766BF9B26C5BA7E004EF918 /* RoundedViews.swift in Sources */ = {isa = PBXBuildFile; fileRef = 9766BF9A26C5BA7E004EF918 /* RoundedViews.swift */; };
		9766BF9D26C5C6DC004EF918 /* BackgroundView.swift in Sources */ = {isa = PBXBuildFile; fileRef = 9766BF9C26C5C6DC004EF918 /* BackgroundView.swift */; };
		976A667326C4EFE900037B81 /* TextViews.swift in Sources */ = {isa = PBXBuildFile; fileRef = 976A667226C4EFE900037B81 /* TextViews.swift */; };
		978013CF26C730BB00D21A82 /* Constants.swift in Sources */ = {isa = PBXBuildFile; fileRef = 978013CE26C730BB00D21A82 /* Constants.swift */; };
		97B160E526C6D4E300C93A71 /* CustomAlertView.swift in Sources */ = {isa = PBXBuildFile; fileRef = 97B160E426C6D4E300C93A71 /* CustomAlertView.swift */; };
/* End PBXBuildFile section */

/* Begin PBXContainerItemProxy section */
		9751604C26C23F6D00FE168C /* PBXContainerItemProxy */ = {
			isa = PBXContainerItemProxy;
			containerPortal = 9751602426C19B4600FE168C /* Project object */;
			proxyType = 1;
			remoteGlobalIDString = 9751602B26C19B4600FE168C;
			remoteInfo = Bullseye;
		};
/* End PBXContainerItemProxy section */

/* Begin PBXFileReference section */
		971ED5E926C81E4700ADA9BD /* LeaderboardView.swift */ = {isa = PBXFileReference; lastKnownFileType = sourcecode.swift; path = LeaderboardView.swift; sourceTree = "<group>"; };
		9751602C26C19B4600FE168C /* Bullseye.app */ = {isa = PBXFileReference; explicitFileType = wrapper.application; includeInIndex = 0; path = Bullseye.app; sourceTree = BUILT_PRODUCTS_DIR; };
		9751602F26C19B4600FE168C /* BullseyeApp.swift */ = {isa = PBXFileReference; lastKnownFileType = sourcecode.swift; path = BullseyeApp.swift; sourceTree = "<group>"; };
		9751603126C19B4600FE168C /* ContentView.swift */ = {isa = PBXFileReference; lastKnownFileType = sourcecode.swift; path = ContentView.swift; sourceTree = "<group>"; };
		9751603326C19B4800FE168C /* Assets.xcassets */ = {isa = PBXFileReference; lastKnownFileType = folder.assetcatalog; path = Assets.xcassets; sourceTree = "<group>"; };
		9751603626C19B4800FE168C /* Preview Assets.xcassets */ = {isa = PBXFileReference; lastKnownFileType = folder.assetcatalog; path = "Preview Assets.xcassets"; sourceTree = "<group>"; };
		9751603826C19B4800FE168C /* Info.plist */ = {isa = PBXFileReference; lastKnownFileType = text.plist.xml; path = Info.plist; sourceTree = "<group>"; };
		9751604126C2379800FE168C /* Game.swift */ = {isa = PBXFileReference; lastKnownFileType = sourcecode.swift; path = Game.swift; sourceTree = "<group>"; };
		9751604726C23F6D00FE168C /* BullseyeTests.xctest */ = {isa = PBXFileReference; explicitFileType = wrapper.cfbundle; includeInIndex = 0; path = BullseyeTests.xctest; sourceTree = BUILT_PRODUCTS_DIR; };
		9751604926C23F6D00FE168C /* BullseyeTests.swift */ = {isa = PBXFileReference; lastKnownFileType = sourcecode.swift; path = BullseyeTests.swift; sourceTree = "<group>"; };
		9751604B26C23F6D00FE168C /* Info.plist */ = {isa = PBXFileReference; lastKnownFileType = text.plist.xml; path = Info.plist; sourceTree = "<group>"; };
		9766BF9A26C5BA7E004EF918 /* RoundedViews.swift */ = {isa = PBXFileReference; lastKnownFileType = sourcecode.swift; path = RoundedViews.swift; sourceTree = "<group>"; };
		9766BF9C26C5C6DC004EF918 /* BackgroundView.swift */ = {isa = PBXFileReference; lastKnownFileType = sourcecode.swift; path = BackgroundView.swift; sourceTree = "<group>"; };
		976A667226C4EFE900037B81 /* TextViews.swift */ = {isa = PBXFileReference; lastKnownFileType = sourcecode.swift; path = TextViews.swift; sourceTree = "<group>"; };
		978013CE26C730BB00D21A82 /* Constants.swift */ = {isa = PBXFileReference; lastKnownFileType = sourcecode.swift; path = Constants.swift; sourceTree = "<group>"; };
		97B160E426C6D4E300C93A71 /* CustomAlertView.swift */ = {isa = PBXFileReference; lastKnownFileType = sourcecode.swift; path = CustomAlertView.swift; sourceTree = "<group>"; };
/* End PBXFileReference section */

/* Begin PBXFrameworksBuildPhase section */
		9751602926C19B4600FE168C /* Frameworks */ = {
			isa = PBXFrameworksBuildPhase;
			buildActionMask = 2147483647;
			files = (
			);
			runOnlyForDeploymentPostprocessing = 0;
		};
		9751604426C23F6D00FE168C /* Frameworks */ = {
			isa = PBXFrameworksBuildPhase;
			buildActionMask = 2147483647;
			files = (
			);
			runOnlyForDeploymentPostprocessing = 0;
		};
/* End PBXFrameworksBuildPhase section */

/* Begin PBXGroup section */
		971ED5EC26C81E8500ADA9BD /* Screens */ = {
			isa = PBXGroup;
			children = (
				9751603126C19B4600FE168C /* ContentView.swift */,
				971ED5E926C81E4700ADA9BD /* LeaderboardView.swift */,
			);
			path = Screens;
			sourceTree = "<group>";
		};
		9751602326C19B4600FE168C = {
			isa = PBXGroup;
			children = (
				9751602E26C19B4600FE168C /* Bullseye */,
				9751604826C23F6D00FE168C /* BullseyeTests */,
				9751602D26C19B4600FE168C /* Products */,
			);
			sourceTree = "<group>";
		};
		9751602D26C19B4600FE168C /* Products */ = {
			isa = PBXGroup;
			children = (
				9751602C26C19B4600FE168C /* Bullseye.app */,
				9751604726C23F6D00FE168C /* BullseyeTests.xctest */,
			);
			name = Products;
			sourceTree = "<group>";
		};
		9751602E26C19B4600FE168C /* Bullseye */ = {
			isa = PBXGroup;
			children = (
				9751603526C19B4800FE168C /* Preview Content */,
				9751604026C2370600FE168C /* App */,
				9751603F26C236F800FE168C /* Views */,
				9751603E26C236EF00FE168C /* Models */,
			);
			path = Bullseye;
			sourceTree = "<group>";
		};
		9751603526C19B4800FE168C /* Preview Content */ = {
			isa = PBXGroup;
			children = (
				9751603626C19B4800FE168C /* Preview Assets.xcassets */,
			);
			name = "Preview Content";
			path = "../Preview Content";
			sourceTree = "<group>";
		};
		9751603E26C236EF00FE168C /* Models */ = {
			isa = PBXGroup;
			children = (
				9751604126C2379800FE168C /* Game.swift */,
				978013CE26C730BB00D21A82 /* Constants.swift */,
			);
			path = Models;
			sourceTree = "<group>";
		};
		9751603F26C236F800FE168C /* Views */ = {
			isa = PBXGroup;
			children = (
				971ED5EC26C81E8500ADA9BD /* Screens */,
				976A666D26C4E8BF00037B81 /* Components */,
			);
			path = Views;
			sourceTree = "<group>";
		};
		9751604026C2370600FE168C /* App */ = {
			isa = PBXGroup;
			children = (
				9751602F26C19B4600FE168C /* BullseyeApp.swift */,
				9751603326C19B4800FE168C /* Assets.xcassets */,
				9751603826C19B4800FE168C /* Info.plist */,
			);
			path = App;
			sourceTree = "<group>";
		};
		9751604826C23F6D00FE168C /* BullseyeTests */ = {
			isa = PBXGroup;
			children = (
				9751604926C23F6D00FE168C /* BullseyeTests.swift */,
				9751604B26C23F6D00FE168C /* Info.plist */,
			);
			path = BullseyeTests;
			sourceTree = "<group>";
		};
		976A666D26C4E8BF00037B81 /* Components */ = {
			isa = PBXGroup;
			children = (
				976A667226C4EFE900037B81 /* TextViews.swift */,
				9766BF9A26C5BA7E004EF918 /* RoundedViews.swift */,
				9766BF9C26C5C6DC004EF918 /* BackgroundView.swift */,
				97B160E426C6D4E300C93A71 /* CustomAlertView.swift */,
			);
			path = Components;
			sourceTree = "<group>";
		};
/* End PBXGroup section */

/* Begin PBXNativeTarget section */
		9751602B26C19B4600FE168C /* Bullseye */ = {
			isa = PBXNativeTarget;
			buildConfigurationList = 9751603B26C19B4800FE168C /* Build configuration list for PBXNativeTarget "Bullseye" */;
			buildPhases = (
				9751602826C19B4600FE168C /* Sources */,
				9751602926C19B4600FE168C /* Frameworks */,
				9751602A26C19B4600FE168C /* Resources */,
			);
			buildRules = (
			);
			dependencies = (
			);
			name = Bullseye;
			productName = Bullseye;
			productReference = 9751602C26C19B4600FE168C /* Bullseye.app */;
			productType = "com.apple.product-type.application";
		};
		9751604626C23F6D00FE168C /* BullseyeTests */ = {
			isa = PBXNativeTarget;
			buildConfigurationList = 9751604E26C23F6D00FE168C /* Build configuration list for PBXNativeTarget "BullseyeTests" */;
			buildPhases = (
				9751604326C23F6D00FE168C /* Sources */,
				9751604426C23F6D00FE168C /* Frameworks */,
				9751604526C23F6D00FE168C /* Resources */,
			);
			buildRules = (
			);
			dependencies = (
				9751604D26C23F6D00FE168C /* PBXTargetDependency */,
			);
			name = BullseyeTests;
			productName = BullseyeTests;
			productReference = 9751604726C23F6D00FE168C /* BullseyeTests.xctest */;
			productType = "com.apple.product-type.bundle.unit-test";
		};
/* End PBXNativeTarget section */

/* Begin PBXProject section */
		9751602426C19B4600FE168C /* Project object */ = {
			isa = PBXProject;
			attributes = {
				LastSwiftUpdateCheck = 1250;
				LastUpgradeCheck = 1250;
				TargetAttributes = {
					9751602B26C19B4600FE168C = {
						CreatedOnToolsVersion = 12.5.1;
					};
					9751604626C23F6D00FE168C = {
						CreatedOnToolsVersion = 12.5.1;
						TestTargetID = 9751602B26C19B4600FE168C;
					};
				};
			};
			buildConfigurationList = 9751602726C19B4600FE168C /* Build configuration list for PBXProject "Bullseye" */;
			compatibilityVersion = "Xcode 9.3";
			developmentRegion = en;
			hasScannedForEncodings = 0;
			knownRegions = (
				en,
				Base,
			);
			mainGroup = 9751602326C19B4600FE168C;
			productRefGroup = 9751602D26C19B4600FE168C /* Products */;
			projectDirPath = "";
			projectRoot = "";
			targets = (
				9751602B26C19B4600FE168C /* Bullseye */,
				9751604626C23F6D00FE168C /* BullseyeTests */,
			);
		};
/* End PBXProject section */

/* Begin PBXResourcesBuildPhase section */
		9751602A26C19B4600FE168C /* Resources */ = {
			isa = PBXResourcesBuildPhase;
			buildActionMask = 2147483647;
			files = (
				9751603726C19B4800FE168C /* Preview Assets.xcassets in Resources */,
				9751603426C19B4800FE168C /* Assets.xcassets in Resources */,
			);
			runOnlyForDeploymentPostprocessing = 0;
		};
		9751604526C23F6D00FE168C /* Resources */ = {
			isa = PBXResourcesBuildPhase;
			buildActionMask = 2147483647;
			files = (
			);
			runOnlyForDeploymentPostprocessing = 0;
		};
/* End PBXResourcesBuildPhase section */

/* Begin PBXSourcesBuildPhase section */
		9751602826C19B4600FE168C /* Sources */ = {
			isa = PBXSourcesBuildPhase;
			buildActionMask = 2147483647;
			files = (
				9766BF9D26C5C6DC004EF918 /* BackgroundView.swift in Sources */,
				97B160E526C6D4E300C93A71 /* CustomAlertView.swift in Sources */,
				9751603226C19B4600FE168C /* ContentView.swift in Sources */,
				978013CF26C730BB00D21A82 /* Constants.swift in Sources */,
				971ED5EA26C81E4700ADA9BD /* LeaderboardView.swift in Sources */,
				9751604226C2379800FE168C /* Game.swift in Sources */,
				9766BF9B26C5BA7E004EF918 /* RoundedViews.swift in Sources */,
				9751603026C19B4600FE168C /* BullseyeApp.swift in Sources */,
				976A667326C4EFE900037B81 /* TextViews.swift in Sources */,
			);
			runOnlyForDeploymentPostprocessing = 0;
		};
		9751604326C23F6D00FE168C /* Sources */ = {
			isa = PBXSourcesBuildPhase;
			buildActionMask = 2147483647;
			files = (
				9751604A26C23F6D00FE168C /* BullseyeTests.swift in Sources */,
			);
			runOnlyForDeploymentPostprocessing = 0;
		};
/* End PBXSourcesBuildPhase section */

/* Begin PBXTargetDependency section */
		9751604D26C23F6D00FE168C /* PBXTargetDependency */ = {
			isa = PBXTargetDependency;
			target = 9751602B26C19B4600FE168C /* Bullseye */;
			targetProxy = 9751604C26C23F6D00FE168C /* PBXContainerItemProxy */;
		};
/* End PBXTargetDependency section */

/* Begin XCBuildConfiguration section */
		9751603926C19B4800FE168C /* Debug */ = {
			isa = XCBuildConfiguration;
			buildSettings = {
				ALWAYS_SEARCH_USER_PATHS = NO;
				CLANG_ANALYZER_NONNULL = YES;
				CLANG_ANALYZER_NUMBER_OBJECT_CONVERSION = YES_AGGRESSIVE;
				CLANG_CXX_LANGUAGE_STANDARD = "gnu++14";
				CLANG_CXX_LIBRARY = "libc++";
				CLANG_ENABLE_MODULES = YES;
				CLANG_ENABLE_OBJC_ARC = YES;
				CLANG_ENABLE_OBJC_WEAK = YES;
				CLANG_WARN_BLOCK_CAPTURE_AUTORELEASING = YES;
				CLANG_WARN_BOOL_CONVERSION = YES;
				CLANG_WARN_COMMA = YES;
				CLANG_WARN_CONSTANT_CONVERSION = YES;
				CLANG_WARN_DEPRECATED_OBJC_IMPLEMENTATIONS = YES;
				CLANG_WARN_DIRECT_OBJC_ISA_USAGE = YES_ERROR;
				CLANG_WARN_DOCUMENTATION_COMMENTS = YES;
				CLANG_WARN_EMPTY_BODY = YES;
				CLANG_WARN_ENUM_CONVERSION = YES;
				CLANG_WARN_INFINITE_RECURSION = YES;
				CLANG_WARN_INT_CONVERSION = YES;
				CLANG_WARN_NON_LITERAL_NULL_CONVERSION = YES;
				CLANG_WARN_OBJC_IMPLICIT_RETAIN_SELF = YES;
				CLANG_WARN_OBJC_LITERAL_CONVERSION = YES;
				CLANG_WARN_OBJC_ROOT_CLASS = YES_ERROR;
				CLANG_WARN_QUOTED_INCLUDE_IN_FRAMEWORK_HEADER = YES;
				CLANG_WARN_RANGE_LOOP_ANALYSIS = YES;
				CLANG_WARN_STRICT_PROTOTYPES = YES;
				CLANG_WARN_SUSPICIOUS_MOVE = YES;
				CLANG_WARN_UNGUARDED_AVAILABILITY = YES_AGGRESSIVE;
				CLANG_WARN_UNREACHABLE_CODE = YES;
				CLANG_WARN__DUPLICATE_METHOD_MATCH = YES;
				COPY_PHASE_STRIP = NO;
				DEBUG_INFORMATION_FORMAT = dwarf;
				ENABLE_STRICT_OBJC_MSGSEND = YES;
				ENABLE_TESTABILITY = YES;
				GCC_C_LANGUAGE_STANDARD = gnu11;
				GCC_DYNAMIC_NO_PIC = NO;
				GCC_NO_COMMON_BLOCKS = YES;
				GCC_OPTIMIZATION_LEVEL = 0;
				GCC_PREPROCESSOR_DEFINITIONS = (
					"DEBUG=1",
					"$(inherited)",
				);
				GCC_WARN_64_TO_32_BIT_CONVERSION = YES;
				GCC_WARN_ABOUT_RETURN_TYPE = YES_ERROR;
				GCC_WARN_UNDECLARED_SELECTOR = YES;
				GCC_WARN_UNINITIALIZED_AUTOS = YES_AGGRESSIVE;
				GCC_WARN_UNUSED_FUNCTION = YES;
				GCC_WARN_UNUSED_VARIABLE = YES;
				IPHONEOS_DEPLOYMENT_TARGET = 14.5;
				MTL_ENABLE_DEBUG_INFO = INCLUDE_SOURCE;
				MTL_FAST_MATH = YES;
				ONLY_ACTIVE_ARCH = YES;
				SDKROOT = iphoneos;
				SWIFT_ACTIVE_COMPILATION_CONDITIONS = DEBUG;
				SWIFT_OPTIMIZATION_LEVEL = "-Onone";
			};
			name = Debug;
		};
		9751603A26C19B4800FE168C /* Release */ = {
			isa = XCBuildConfiguration;
			buildSettings = {
				ALWAYS_SEARCH_USER_PATHS = NO;
				CLANG_ANALYZER_NONNULL = YES;
				CLANG_ANALYZER_NUMBER_OBJECT_CONVERSION = YES_AGGRESSIVE;
				CLANG_CXX_LANGUAGE_STANDARD = "gnu++14";
				CLANG_CXX_LIBRARY = "libc++";
				CLANG_ENABLE_MODULES = YES;
				CLANG_ENABLE_OBJC_ARC = YES;
				CLANG_ENABLE_OBJC_WEAK = YES;
				CLANG_WARN_BLOCK_CAPTURE_AUTORELEASING = YES;
				CLANG_WARN_BOOL_CONVERSION = YES;
				CLANG_WARN_COMMA = YES;
				CLANG_WARN_CONSTANT_CONVERSION = YES;
				CLANG_WARN_DEPRECATED_OBJC_IMPLEMENTATIONS = YES;
				CLANG_WARN_DIRECT_OBJC_ISA_USAGE = YES_ERROR;
				CLANG_WARN_DOCUMENTATION_COMMENTS = YES;
				CLANG_WARN_EMPTY_BODY = YES;
				CLANG_WARN_ENUM_CONVERSION = YES;
				CLANG_WARN_INFINITE_RECURSION = YES;
				CLANG_WARN_INT_CONVERSION = YES;
				CLANG_WARN_NON_LITERAL_NULL_CONVERSION = YES;
				CLANG_WARN_OBJC_IMPLICIT_RETAIN_SELF = YES;
				CLANG_WARN_OBJC_LITERAL_CONVERSION = YES;
				CLANG_WARN_OBJC_ROOT_CLASS = YES_ERROR;
				CLANG_WARN_QUOTED_INCLUDE_IN_FRAMEWORK_HEADER = YES;
				CLANG_WARN_RANGE_LOOP_ANALYSIS = YES;
				CLANG_WARN_STRICT_PROTOTYPES = YES;
				CLANG_WARN_SUSPICIOUS_MOVE = YES;
				CLANG_WARN_UNGUARDED_AVAILABILITY = YES_AGGRESSIVE;
				CLANG_WARN_UNREACHABLE_CODE = YES;
				CLANG_WARN__DUPLICATE_METHOD_MATCH = YES;
				COPY_PHASE_STRIP = NO;
				DEBUG_INFORMATION_FORMAT = "dwarf-with-dsym";
				ENABLE_NS_ASSERTIONS = NO;
				ENABLE_STRICT_OBJC_MSGSEND = YES;
				GCC_C_LANGUAGE_STANDARD = gnu11;
				GCC_NO_COMMON_BLOCKS = YES;
				GCC_WARN_64_TO_32_BIT_CONVERSION = YES;
				GCC_WARN_ABOUT_RETURN_TYPE = YES_ERROR;
				GCC_WARN_UNDECLARED_SELECTOR = YES;
				GCC_WARN_UNINITIALIZED_AUTOS = YES_AGGRESSIVE;
				GCC_WARN_UNUSED_FUNCTION = YES;
				GCC_WARN_UNUSED_VARIABLE = YES;
				IPHONEOS_DEPLOYMENT_TARGET = 14.5;
				MTL_ENABLE_DEBUG_INFO = NO;
				MTL_FAST_MATH = YES;
				SDKROOT = iphoneos;
				SWIFT_COMPILATION_MODE = wholemodule;
				SWIFT_OPTIMIZATION_LEVEL = "-O";
				VALIDATE_PRODUCT = YES;
			};
			name = Release;
		};
		9751603C26C19B4800FE168C /* Debug */ = {
			isa = XCBuildConfiguration;
			buildSettings = {
				ASSETCATALOG_COMPILER_APPICON_NAME = AppIcon;
				ASSETCATALOG_COMPILER_GLOBAL_ACCENT_COLOR_NAME = AccentColor;
				CODE_SIGN_STYLE = Automatic;
				DEVELOPMENT_ASSET_PATHS = "\"Bullseye/Preview Content\"";
				DEVELOPMENT_TEAM = 2MSZ4R449H;
				ENABLE_PREVIEWS = YES;
				INFOPLIST_FILE = Bullseye/App/Info.plist;
				IPHONEOS_DEPLOYMENT_TARGET = 14.0;
				LD_RUNPATH_SEARCH_PATHS = (
					"$(inherited)",
					"@executable_path/Frameworks",
				);
				PRODUCT_BUNDLE_IDENTIFIER = com.rastete.Bullseye;
				PRODUCT_NAME = "$(TARGET_NAME)";
				SWIFT_VERSION = 5.0;
				TARGETED_DEVICE_FAMILY = "1,2";
			};
			name = Debug;
		};
		9751603D26C19B4800FE168C /* Release */ = {
			isa = XCBuildConfiguration;
			buildSettings = {
				ASSETCATALOG_COMPILER_APPICON_NAME = AppIcon;
				ASSETCATALOG_COMPILER_GLOBAL_ACCENT_COLOR_NAME = AccentColor;
				CODE_SIGN_STYLE = Automatic;
				DEVELOPMENT_ASSET_PATHS = "\"Bullseye/Preview Content\"";
				DEVELOPMENT_TEAM = 2MSZ4R449H;
				ENABLE_PREVIEWS = YES;
				INFOPLIST_FILE = Bullseye/App/Info.plist;
				IPHONEOS_DEPLOYMENT_TARGET = 14.0;
				LD_RUNPATH_SEARCH_PATHS = (
					"$(inherited)",
					"@executable_path/Frameworks",
				);
				PRODUCT_BUNDLE_IDENTIFIER = com.rastete.Bullseye;
				PRODUCT_NAME = "$(TARGET_NAME)";
				SWIFT_VERSION = 5.0;
				TARGETED_DEVICE_FAMILY = "1,2";
			};
			name = Release;
		};
		9751604F26C23F6D00FE168C /* Debug */ = {
			isa = XCBuildConfiguration;
			buildSettings = {
				BUNDLE_LOADER = "$(TEST_HOST)";
				CODE_SIGN_STYLE = Automatic;
				DEVELOPMENT_TEAM = 2MSZ4R449H;
				INFOPLIST_FILE = BullseyeTests/Info.plist;
				LD_RUNPATH_SEARCH_PATHS = (
					"$(inherited)",
					"@executable_path/Frameworks",
					"@loader_path/Frameworks",
				);
				PRODUCT_BUNDLE_IDENTIFIER = com.rastete.BullseyeTests;
				PRODUCT_NAME = "$(TARGET_NAME)";
				SWIFT_VERSION = 5.0;
				TARGETED_DEVICE_FAMILY = "1,2";
				TEST_HOST = "$(BUILT_PRODUCTS_DIR)/Bullseye.app/Bullseye";
			};
			name = Debug;
		};
		9751605026C23F6D00FE168C /* Release */ = {
			isa = XCBuildConfiguration;
			buildSettings = {
				BUNDLE_LOADER = "$(TEST_HOST)";
				CODE_SIGN_STYLE = Automatic;
				DEVELOPMENT_TEAM = 2MSZ4R449H;
				INFOPLIST_FILE = BullseyeTests/Info.plist;
				LD_RUNPATH_SEARCH_PATHS = (
					"$(inherited)",
					"@executable_path/Frameworks",
					"@loader_path/Frameworks",
				);
				PRODUCT_BUNDLE_IDENTIFIER = com.rastete.BullseyeTests;
				PRODUCT_NAME = "$(TARGET_NAME)";
				SWIFT_VERSION = 5.0;
				TARGETED_DEVICE_FAMILY = "1,2";
				TEST_HOST = "$(BUILT_PRODUCTS_DIR)/Bullseye.app/Bullseye";
			};
			name = Release;
		};
/* End XCBuildConfiguration section */

/* Begin XCConfigurationList section */
		9751602726C19B4600FE168C /* Build configuration list for PBXProject "Bullseye" */ = {
			isa = XCConfigurationList;
			buildConfigurations = (
				9751603926C19B4800FE168C /* Debug */,
				9751603A26C19B4800FE168C /* Release */,
			);
			defaultConfigurationIsVisible = 0;
			defaultConfigurationName = Release;
		};
		9751603B26C19B4800FE168C /* Build configuration list for PBXNativeTarget "Bullseye" */ = {
			isa = XCConfigurationList;
			buildConfigurations = (
				9751603C26C19B4800FE168C /* Debug */,
				9751603D26C19B4800FE168C /* Release */,
			);
			defaultConfigurationIsVisible = 0;
			defaultConfigurationName = Release;
		};
		9751604E26C23F6D00FE168C /* Build configuration list for PBXNativeTarget "BullseyeTests" */ = {
			isa = XCConfigurationList;
			buildConfigurations = (
				9751604F26C23F6D00FE168C /* Debug */,
				9751605026C23F6D00FE168C /* Release */,
			);
			defaultConfigurationIsVisible = 0;
			defaultConfigurationName = Release;
		};
/* End XCConfigurationList section */
	};
	rootObject = 9751602426C19B4600FE168C /* Project object */;
}
